// !$*UTF8*$!
{
	archiveVersion = 1;
	classes = {
	};
	objectVersion = 56;
	objects = {

/* Begin PBXBuildFile section */
		22FB29CB2AF21825000FBE72 /* InsulinTrackerApp.swift in Sources */ = {isa = PBXBuildFile; fileRef = 22FB29CA2AF21825000FBE72 /* InsulinTrackerApp.swift */; };
		22FB29CD2AF21825000FBE72 /* EntryView.swift in Sources */ = {isa = PBXBuildFile; fileRef = 22FB29CC2AF21825000FBE72 /* EntryView.swift */; };
		22FB29CF2AF21826000FBE72 /* Assets.xcassets in Resources */ = {isa = PBXBuildFile; fileRef = 22FB29CE2AF21826000FBE72 /* Assets.xcassets */; };
		22FB29D22AF21826000FBE72 /* Preview Assets.xcassets in Resources */ = {isa = PBXBuildFile; fileRef = 22FB29D12AF21826000FBE72 /* Preview Assets.xcassets */; };
		22FD8ED72B056CBF00876408 /* GoogleService-Info.plist in Resources */ = {isa = PBXBuildFile; fileRef = 22FD8ED62B056CBF00876408 /* GoogleService-Info.plist */; };
		22FD8EDA2B056D3200876408 /* FirebaseAnalytics in Frameworks */ = {isa = PBXBuildFile; productRef = 22FD8ED92B056D3200876408 /* FirebaseAnalytics */; };
		22FD8EDC2B056D3200876408 /* FirebaseAnalyticsOnDeviceConversion in Frameworks */ = {isa = PBXBuildFile; productRef = 22FD8EDB2B056D3200876408 /* FirebaseAnalyticsOnDeviceConversion */; };
		22FD8EDE2B056D3200876408 /* FirebaseAnalyticsSwift in Frameworks */ = {isa = PBXBuildFile; productRef = 22FD8EDD2B056D3200876408 /* FirebaseAnalyticsSwift */; };
		22FD8EE02B056D3200876408 /* FirebaseAnalyticsWithoutAdIdSupport in Frameworks */ = {isa = PBXBuildFile; productRef = 22FD8EDF2B056D3200876408 /* FirebaseAnalyticsWithoutAdIdSupport */; };
		22FD8EE22B056D3200876408 /* FirebaseAppCheck in Frameworks */ = {isa = PBXBuildFile; productRef = 22FD8EE12B056D3200876408 /* FirebaseAppCheck */; };
		22FD8EE42B0570AD00876408 /* FirebaseAnalytics in Frameworks */ = {isa = PBXBuildFile; productRef = 22FD8EE32B0570AD00876408 /* FirebaseAnalytics */; };
		22FD8EE62B0570AD00876408 /* FirebaseAnalyticsOnDeviceConversion in Frameworks */ = {isa = PBXBuildFile; productRef = 22FD8EE52B0570AD00876408 /* FirebaseAnalyticsOnDeviceConversion */; };
		22FD8EE82B0570AD00876408 /* FirebaseAnalyticsSwift in Frameworks */ = {isa = PBXBuildFile; productRef = 22FD8EE72B0570AD00876408 /* FirebaseAnalyticsSwift */; };
		22FD8EEA2B0570AD00876408 /* FirebaseAnalyticsWithoutAdIdSupport in Frameworks */ = {isa = PBXBuildFile; productRef = 22FD8EE92B0570AD00876408 /* FirebaseAnalyticsWithoutAdIdSupport */; };
		22FD8EEC2B0570AD00876408 /* FirebaseAppCheck in Frameworks */ = {isa = PBXBuildFile; productRef = 22FD8EEB2B0570AD00876408 /* FirebaseAppCheck */; };
		22FD8EEE2B0570AD00876408 /* FirebaseAppDistribution-Beta in Frameworks */ = {isa = PBXBuildFile; productRef = 22FD8EED2B0570AD00876408 /* FirebaseAppDistribution-Beta */; };
		22FD8EF02B0570AD00876408 /* FirebaseAuth in Frameworks */ = {isa = PBXBuildFile; productRef = 22FD8EEF2B0570AD00876408 /* FirebaseAuth */; };
		22FD8EF22B0570AD00876408 /* FirebaseAuthCombine-Community in Frameworks */ = {isa = PBXBuildFile; productRef = 22FD8EF12B0570AD00876408 /* FirebaseAuthCombine-Community */; };
		22FD8EF42B0570AD00876408 /* FirebaseCrashlytics in Frameworks */ = {isa = PBXBuildFile; productRef = 22FD8EF32B0570AD00876408 /* FirebaseCrashlytics */; };
		22FD8EF62B0570AD00876408 /* FirebaseDatabase in Frameworks */ = {isa = PBXBuildFile; productRef = 22FD8EF52B0570AD00876408 /* FirebaseDatabase */; };
		22FD8EF82B0570AD00876408 /* FirebaseDatabaseSwift in Frameworks */ = {isa = PBXBuildFile; productRef = 22FD8EF72B0570AD00876408 /* FirebaseDatabaseSwift */; };
		22FD8EFA2B0570AD00876408 /* FirebaseDynamicLinks in Frameworks */ = {isa = PBXBuildFile; productRef = 22FD8EF92B0570AD00876408 /* FirebaseDynamicLinks */; };
		22FD8EFC2B0570AD00876408 /* FirebaseFirestore in Frameworks */ = {isa = PBXBuildFile; productRef = 22FD8EFB2B0570AD00876408 /* FirebaseFirestore */; };
		22FD8EFE2B0570AD00876408 /* FirebaseFirestoreCombine-Community in Frameworks */ = {isa = PBXBuildFile; productRef = 22FD8EFD2B0570AD00876408 /* FirebaseFirestoreCombine-Community */; };
		22FD8F002B0570AD00876408 /* FirebaseFirestoreSwift in Frameworks */ = {isa = PBXBuildFile; productRef = 22FD8EFF2B0570AD00876408 /* FirebaseFirestoreSwift */; };
		22FD8F022B0570AD00876408 /* FirebaseFunctions in Frameworks */ = {isa = PBXBuildFile; productRef = 22FD8F012B0570AD00876408 /* FirebaseFunctions */; };
		22FD8F042B0570AD00876408 /* FirebaseFunctionsCombine-Community in Frameworks */ = {isa = PBXBuildFile; productRef = 22FD8F032B0570AD00876408 /* FirebaseFunctionsCombine-Community */; };
		22FD8F062B0570AD00876408 /* FirebaseInAppMessaging-Beta in Frameworks */ = {isa = PBXBuildFile; productRef = 22FD8F052B0570AD00876408 /* FirebaseInAppMessaging-Beta */; };
		22FD8F082B0570AD00876408 /* FirebaseInstallations in Frameworks */ = {isa = PBXBuildFile; productRef = 22FD8F072B0570AD00876408 /* FirebaseInstallations */; };
		22FD8F0A2B0570AD00876408 /* FirebaseMLModelDownloader in Frameworks */ = {isa = PBXBuildFile; productRef = 22FD8F092B0570AD00876408 /* FirebaseMLModelDownloader */; };
		22FD8F0C2B0570AD00876408 /* FirebaseMessaging in Frameworks */ = {isa = PBXBuildFile; productRef = 22FD8F0B2B0570AD00876408 /* FirebaseMessaging */; };
		22FD8F0E2B0570AD00876408 /* FirebasePerformance in Frameworks */ = {isa = PBXBuildFile; productRef = 22FD8F0D2B0570AD00876408 /* FirebasePerformance */; };
		22FD8F102B0570AD00876408 /* FirebaseRemoteConfig in Frameworks */ = {isa = PBXBuildFile; productRef = 22FD8F0F2B0570AD00876408 /* FirebaseRemoteConfig */; };
		22FD8F122B0570AD00876408 /* FirebaseRemoteConfigSwift in Frameworks */ = {isa = PBXBuildFile; productRef = 22FD8F112B0570AD00876408 /* FirebaseRemoteConfigSwift */; };
		22FD8F142B0570AD00876408 /* FirebaseStorage in Frameworks */ = {isa = PBXBuildFile; productRef = 22FD8F132B0570AD00876408 /* FirebaseStorage */; };
		22FD8F162B0570AD00876408 /* FirebaseStorageCombine-Community in Frameworks */ = {isa = PBXBuildFile; productRef = 22FD8F152B0570AD00876408 /* FirebaseStorageCombine-Community */; };
		22FD8F182B0584F600876408 /* RecommendationPanel.swift in Sources */ = {isa = PBXBuildFile; fileRef = 22FD8F172B0584F600876408 /* RecommendationPanel.swift */; };
		6F5CF6872AF87D1E00E4DAD0 /* SettingsView.swift in Sources */ = {isa = PBXBuildFile; fileRef = 6F5CF6862AF87D1E00E4DAD0 /* SettingsView.swift */; };
		6F5CF68B2AF88E4E00E4DAD0 /* HistoryView.swift in Sources */ = {isa = PBXBuildFile; fileRef = 6F5CF68A2AF88E4E00E4DAD0 /* HistoryView.swift */; };
		6F5CF68D2AF88EC600E4DAD0 /* ProfileView.swift in Sources */ = {isa = PBXBuildFile; fileRef = 6F5CF68C2AF88EC600E4DAD0 /* ProfileView.swift */; };
		6FAB76F62AFEF2FE009DF24B /* ContentView.swift in Sources */ = {isa = PBXBuildFile; fileRef = 6FAB76F52AFEF2FE009DF24B /* ContentView.swift */; };
/* End PBXBuildFile section */

/* Begin PBXFileReference section */
		22FB29C72AF21825000FBE72 /* InsulinTracker.app */ = {isa = PBXFileReference; explicitFileType = wrapper.application; includeInIndex = 0; path = InsulinTracker.app; sourceTree = BUILT_PRODUCTS_DIR; };
		22FB29CA2AF21825000FBE72 /* InsulinTrackerApp.swift */ = {isa = PBXFileReference; lastKnownFileType = sourcecode.swift; path = InsulinTrackerApp.swift; sourceTree = "<group>"; };
		22FB29CC2AF21825000FBE72 /* EntryView.swift */ = {isa = PBXFileReference; lastKnownFileType = sourcecode.swift; path = EntryView.swift; sourceTree = "<group>"; };
		22FB29CE2AF21826000FBE72 /* Assets.xcassets */ = {isa = PBXFileReference; lastKnownFileType = folder.assetcatalog; path = Assets.xcassets; sourceTree = "<group>"; };
		22FB29D12AF21826000FBE72 /* Preview Assets.xcassets */ = {isa = PBXFileReference; lastKnownFileType = folder.assetcatalog; path = "Preview Assets.xcassets"; sourceTree = "<group>"; };
		22FD8ED62B056CBF00876408 /* GoogleService-Info.plist */ = {isa = PBXFileReference; fileEncoding = 4; lastKnownFileType = text.plist.xml; name = "GoogleService-Info.plist"; path = "../../../../Downloads/GoogleService-Info.plist"; sourceTree = "<group>"; };
		22FD8F172B0584F600876408 /* RecommendationPanel.swift */ = {isa = PBXFileReference; lastKnownFileType = sourcecode.swift; path = RecommendationPanel.swift; sourceTree = "<group>"; };
		6F5CF6862AF87D1E00E4DAD0 /* SettingsView.swift */ = {isa = PBXFileReference; lastKnownFileType = sourcecode.swift; path = SettingsView.swift; sourceTree = "<group>"; };
		6F5CF68A2AF88E4E00E4DAD0 /* HistoryView.swift */ = {isa = PBXFileReference; lastKnownFileType = sourcecode.swift; path = HistoryView.swift; sourceTree = "<group>"; };
		6F5CF68C2AF88EC600E4DAD0 /* ProfileView.swift */ = {isa = PBXFileReference; lastKnownFileType = sourcecode.swift; path = ProfileView.swift; sourceTree = "<group>"; };
		6FAB76F52AFEF2FE009DF24B /* ContentView.swift */ = {isa = PBXFileReference; lastKnownFileType = sourcecode.swift; path = ContentView.swift; sourceTree = "<group>"; };
/* End PBXFileReference section */

/* Begin PBXFrameworksBuildPhase section */
		22FB29C42AF21825000FBE72 /* Frameworks */ = {
			isa = PBXFrameworksBuildPhase;
			buildActionMask = 2147483647;
			files = (
				22FD8EFE2B0570AD00876408 /* FirebaseFirestoreCombine-Community in Frameworks */,
				22FD8EF62B0570AD00876408 /* FirebaseDatabase in Frameworks */,
				22FD8F0E2B0570AD00876408 /* FirebasePerformance in Frameworks */,
				22FD8F102B0570AD00876408 /* FirebaseRemoteConfig in Frameworks */,
				22FD8EDE2B056D3200876408 /* FirebaseAnalyticsSwift in Frameworks */,
				22FD8F082B0570AD00876408 /* FirebaseInstallations in Frameworks */,
				22FD8EDA2B056D3200876408 /* FirebaseAnalytics in Frameworks */,
				22FD8EE42B0570AD00876408 /* FirebaseAnalytics in Frameworks */,
				22FD8EF42B0570AD00876408 /* FirebaseCrashlytics in Frameworks */,
				22FD8F0A2B0570AD00876408 /* FirebaseMLModelDownloader in Frameworks */,
				22FD8F0C2B0570AD00876408 /* FirebaseMessaging in Frameworks */,
				22FD8EFC2B0570AD00876408 /* FirebaseFirestore in Frameworks */,
				22FD8EFA2B0570AD00876408 /* FirebaseDynamicLinks in Frameworks */,
				22FD8EE62B0570AD00876408 /* FirebaseAnalyticsOnDeviceConversion in Frameworks */,
				22FD8F042B0570AD00876408 /* FirebaseFunctionsCombine-Community in Frameworks */,
				22FD8F062B0570AD00876408 /* FirebaseInAppMessaging-Beta in Frameworks */,
				22FD8EF22B0570AD00876408 /* FirebaseAuthCombine-Community in Frameworks */,
				22FD8EE82B0570AD00876408 /* FirebaseAnalyticsSwift in Frameworks */,
				22FD8EF82B0570AD00876408 /* FirebaseDatabaseSwift in Frameworks */,
				22FD8EDC2B056D3200876408 /* FirebaseAnalyticsOnDeviceConversion in Frameworks */,
				22FD8EE22B056D3200876408 /* FirebaseAppCheck in Frameworks */,
				22FD8EF02B0570AD00876408 /* FirebaseAuth in Frameworks */,
				22FD8F022B0570AD00876408 /* FirebaseFunctions in Frameworks */,
				22FD8F142B0570AD00876408 /* FirebaseStorage in Frameworks */,
				22FD8F002B0570AD00876408 /* FirebaseFirestoreSwift in Frameworks */,
				22FD8F122B0570AD00876408 /* FirebaseRemoteConfigSwift in Frameworks */,
				22FD8EEA2B0570AD00876408 /* FirebaseAnalyticsWithoutAdIdSupport in Frameworks */,
				22FD8F162B0570AD00876408 /* FirebaseStorageCombine-Community in Frameworks */,
				22FD8EEC2B0570AD00876408 /* FirebaseAppCheck in Frameworks */,
				22FD8EEE2B0570AD00876408 /* FirebaseAppDistribution-Beta in Frameworks */,
				22FD8EE02B056D3200876408 /* FirebaseAnalyticsWithoutAdIdSupport in Frameworks */,
			);
			runOnlyForDeploymentPostprocessing = 0;
		};
/* End PBXFrameworksBuildPhase section */

/* Begin PBXGroup section */
		22FB29BE2AF21825000FBE72 = {
			isa = PBXGroup;
			children = (
				22FB29C92AF21825000FBE72 /* InsulinTracker */,
				22FB29C82AF21825000FBE72 /* Products */,
			);
			sourceTree = "<group>";
		};
		22FB29C82AF21825000FBE72 /* Products */ = {
			isa = PBXGroup;
			children = (
				22FB29C72AF21825000FBE72 /* InsulinTracker.app */,
			);
			name = Products;
			sourceTree = "<group>";
		};
		22FB29C92AF21825000FBE72 /* InsulinTracker */ = {
			isa = PBXGroup;
			children = (
				22FD8ED62B056CBF00876408 /* GoogleService-Info.plist */,
				22FD8F192B05856100876408 /* Components */,
				6F5CF68E2AF88EE200E4DAD0 /* Pages */,
				22FB29CA2AF21825000FBE72 /* InsulinTrackerApp.swift */,
				22FB29CE2AF21826000FBE72 /* Assets.xcassets */,
				22FB29D02AF21826000FBE72 /* Preview Content */,
			);
			path = InsulinTracker;
			sourceTree = "<group>";
		};
		22FB29D02AF21826000FBE72 /* Preview Content */ = {
			isa = PBXGroup;
			children = (
				22FB29D12AF21826000FBE72 /* Preview Assets.xcassets */,
			);
			path = "Preview Content";
			sourceTree = "<group>";
		};
		22FD8F192B05856100876408 /* Components */ = {
			isa = PBXGroup;
			children = (
				22FD8F172B0584F600876408 /* RecommendationPanel.swift */,
			);
			path = Components;
			sourceTree = "<group>";
		};
		6F5CF68E2AF88EE200E4DAD0 /* Pages */ = {
			isa = PBXGroup;
			children = (
				6FAB76F52AFEF2FE009DF24B /* ContentView.swift */,
				22FB29CC2AF21825000FBE72 /* EntryView.swift */,
				6F5CF6862AF87D1E00E4DAD0 /* SettingsView.swift */,
				6F5CF68A2AF88E4E00E4DAD0 /* HistoryView.swift */,
				6F5CF68C2AF88EC600E4DAD0 /* ProfileView.swift */,
			);
			path = Pages;
			sourceTree = "<group>";
		};
/* End PBXGroup section */

/* Begin PBXNativeTarget section */
		22FB29C62AF21825000FBE72 /* InsulinTracker */ = {
			isa = PBXNativeTarget;
			buildConfigurationList = 22FB29D52AF21826000FBE72 /* Build configuration list for PBXNativeTarget "InsulinTracker" */;
			buildPhases = (
				22FB29C32AF21825000FBE72 /* Sources */,
				22FB29C42AF21825000FBE72 /* Frameworks */,
				22FB29C52AF21825000FBE72 /* Resources */,
			);
			buildRules = (
			);
			dependencies = (
			);
			name = InsulinTracker;
			packageProductDependencies = (
				22FD8ED92B056D3200876408 /* FirebaseAnalytics */,
				22FD8EDB2B056D3200876408 /* FirebaseAnalyticsOnDeviceConversion */,
				22FD8EDD2B056D3200876408 /* FirebaseAnalyticsSwift */,
				22FD8EDF2B056D3200876408 /* FirebaseAnalyticsWithoutAdIdSupport */,
				22FD8EE12B056D3200876408 /* FirebaseAppCheck */,
				22FD8EE32B0570AD00876408 /* FirebaseAnalytics */,
				22FD8EE52B0570AD00876408 /* FirebaseAnalyticsOnDeviceConversion */,
				22FD8EE72B0570AD00876408 /* FirebaseAnalyticsSwift */,
				22FD8EE92B0570AD00876408 /* FirebaseAnalyticsWithoutAdIdSupport */,
				22FD8EEB2B0570AD00876408 /* FirebaseAppCheck */,
				22FD8EED2B0570AD00876408 /* FirebaseAppDistribution-Beta */,
				22FD8EEF2B0570AD00876408 /* FirebaseAuth */,
				22FD8EF12B0570AD00876408 /* FirebaseAuthCombine-Community */,
				22FD8EF32B0570AD00876408 /* FirebaseCrashlytics */,
				22FD8EF52B0570AD00876408 /* FirebaseDatabase */,
				22FD8EF72B0570AD00876408 /* FirebaseDatabaseSwift */,
				22FD8EF92B0570AD00876408 /* FirebaseDynamicLinks */,
				22FD8EFB2B0570AD00876408 /* FirebaseFirestore */,
				22FD8EFD2B0570AD00876408 /* FirebaseFirestoreCombine-Community */,
				22FD8EFF2B0570AD00876408 /* FirebaseFirestoreSwift */,
				22FD8F012B0570AD00876408 /* FirebaseFunctions */,
				22FD8F032B0570AD00876408 /* FirebaseFunctionsCombine-Community */,
				22FD8F052B0570AD00876408 /* FirebaseInAppMessaging-Beta */,
				22FD8F072B0570AD00876408 /* FirebaseInstallations */,
				22FD8F092B0570AD00876408 /* FirebaseMLModelDownloader */,
				22FD8F0B2B0570AD00876408 /* FirebaseMessaging */,
				22FD8F0D2B0570AD00876408 /* FirebasePerformance */,
				22FD8F0F2B0570AD00876408 /* FirebaseRemoteConfig */,
				22FD8F112B0570AD00876408 /* FirebaseRemoteConfigSwift */,
				22FD8F132B0570AD00876408 /* FirebaseStorage */,
				22FD8F152B0570AD00876408 /* FirebaseStorageCombine-Community */,
			);
			productName = InsulinTracker;
			productReference = 22FB29C72AF21825000FBE72 /* InsulinTracker.app */;
			productType = "com.apple.product-type.application";
		};
/* End PBXNativeTarget section */

/* Begin PBXProject section */
		22FB29BF2AF21825000FBE72 /* Project object */ = {
			isa = PBXProject;
			attributes = {
				BuildIndependentTargetsInParallel = 1;
				LastSwiftUpdateCheck = 1420;
				LastUpgradeCheck = 1420;
				TargetAttributes = {
					22FB29C62AF21825000FBE72 = {
						CreatedOnToolsVersion = 14.2;
					};
				};
			};
			buildConfigurationList = 22FB29C22AF21825000FBE72 /* Build configuration list for PBXProject "InsulinTracker" */;
			compatibilityVersion = "Xcode 14.0";
			developmentRegion = en;
			hasScannedForEncodings = 0;
			knownRegions = (
				en,
				Base,
			);
			mainGroup = 22FB29BE2AF21825000FBE72;
			packageReferences = (
				22FD8ED82B056D3200876408 /* XCRemoteSwiftPackageReference "firebase-ios-sdk" */,
			);
			productRefGroup = 22FB29C82AF21825000FBE72 /* Products */;
			projectDirPath = "";
			projectRoot = "";
			targets = (
				22FB29C62AF21825000FBE72 /* InsulinTracker */,
			);
		};
/* End PBXProject section */

/* Begin PBXResourcesBuildPhase section */
		22FB29C52AF21825000FBE72 /* Resources */ = {
			isa = PBXResourcesBuildPhase;
			buildActionMask = 2147483647;
			files = (
				22FB29D22AF21826000FBE72 /* Preview Assets.xcassets in Resources */,
				22FB29CF2AF21826000FBE72 /* Assets.xcassets in Resources */,
				22FD8ED72B056CBF00876408 /* GoogleService-Info.plist in Resources */,
			);
			runOnlyForDeploymentPostprocessing = 0;
		};
/* End PBXResourcesBuildPhase section */

/* Begin PBXSourcesBuildPhase section */
		22FB29C32AF21825000FBE72 /* Sources */ = {
			isa = PBXSourcesBuildPhase;
			buildActionMask = 2147483647;
			files = (
				6F5CF6872AF87D1E00E4DAD0 /* SettingsView.swift in Sources */,
				22FB29CD2AF21825000FBE72 /* EntryView.swift in Sources */,
				22FD8F182B0584F600876408 /* RecommendationPanel.swift in Sources */,
				6FAB76F62AFEF2FE009DF24B /* ContentView.swift in Sources */,
				6F5CF68B2AF88E4E00E4DAD0 /* HistoryView.swift in Sources */,
				22FB29CB2AF21825000FBE72 /* InsulinTrackerApp.swift in Sources */,
				6F5CF68D2AF88EC600E4DAD0 /* ProfileView.swift in Sources */,
			);
			runOnlyForDeploymentPostprocessing = 0;
		};
/* End PBXSourcesBuildPhase section */

/* Begin XCBuildConfiguration section */
		22FB29D32AF21826000FBE72 /* Debug */ = {
			isa = XCBuildConfiguration;
			buildSettings = {
				ALWAYS_SEARCH_USER_PATHS = NO;
				CLANG_ANALYZER_NONNULL = YES;
				CLANG_ANALYZER_NUMBER_OBJECT_CONVERSION = YES_AGGRESSIVE;
				CLANG_CXX_LANGUAGE_STANDARD = "gnu++20";
				CLANG_ENABLE_MODULES = YES;
				CLANG_ENABLE_OBJC_ARC = YES;
				CLANG_ENABLE_OBJC_WEAK = YES;
				CLANG_WARN_BLOCK_CAPTURE_AUTORELEASING = YES;
				CLANG_WARN_BOOL_CONVERSION = YES;
				CLANG_WARN_COMMA = YES;
				CLANG_WARN_CONSTANT_CONVERSION = YES;
				CLANG_WARN_DEPRECATED_OBJC_IMPLEMENTATIONS = YES;
				CLANG_WARN_DIRECT_OBJC_ISA_USAGE = YES_ERROR;
				CLANG_WARN_DOCUMENTATION_COMMENTS = YES;
				CLANG_WARN_EMPTY_BODY = YES;
				CLANG_WARN_ENUM_CONVERSION = YES;
				CLANG_WARN_INFINITE_RECURSION = YES;
				CLANG_WARN_INT_CONVERSION = YES;
				CLANG_WARN_NON_LITERAL_NULL_CONVERSION = YES;
				CLANG_WARN_OBJC_IMPLICIT_RETAIN_SELF = YES;
				CLANG_WARN_OBJC_LITERAL_CONVERSION = YES;
				CLANG_WARN_OBJC_ROOT_CLASS = YES_ERROR;
				CLANG_WARN_QUOTED_INCLUDE_IN_FRAMEWORK_HEADER = YES;
				CLANG_WARN_RANGE_LOOP_ANALYSIS = YES;
				CLANG_WARN_STRICT_PROTOTYPES = YES;
				CLANG_WARN_SUSPICIOUS_MOVE = YES;
				CLANG_WARN_UNGUARDED_AVAILABILITY = YES_AGGRESSIVE;
				CLANG_WARN_UNREACHABLE_CODE = YES;
				CLANG_WARN__DUPLICATE_METHOD_MATCH = YES;
				COPY_PHASE_STRIP = NO;
				DEBUG_INFORMATION_FORMAT = dwarf;
				ENABLE_STRICT_OBJC_MSGSEND = YES;
				ENABLE_TESTABILITY = YES;
				GCC_C_LANGUAGE_STANDARD = gnu11;
				GCC_DYNAMIC_NO_PIC = NO;
				GCC_NO_COMMON_BLOCKS = YES;
				GCC_OPTIMIZATION_LEVEL = 0;
				GCC_PREPROCESSOR_DEFINITIONS = (
					"DEBUG=1",
					"$(inherited)",
				);
				GCC_WARN_64_TO_32_BIT_CONVERSION = YES;
				GCC_WARN_ABOUT_RETURN_TYPE = YES_ERROR;
				GCC_WARN_UNDECLARED_SELECTOR = YES;
				GCC_WARN_UNINITIALIZED_AUTOS = YES_AGGRESSIVE;
				GCC_WARN_UNUSED_FUNCTION = YES;
				GCC_WARN_UNUSED_VARIABLE = YES;
				IPHONEOS_DEPLOYMENT_TARGET = 16.2;
				MTL_ENABLE_DEBUG_INFO = INCLUDE_SOURCE;
				MTL_FAST_MATH = YES;
				ONLY_ACTIVE_ARCH = YES;
				SDKROOT = iphoneos;
				SWIFT_ACTIVE_COMPILATION_CONDITIONS = DEBUG;
				SWIFT_OPTIMIZATION_LEVEL = "-Onone";
			};
			name = Debug;
		};
		22FB29D42AF21826000FBE72 /* Release */ = {
			isa = XCBuildConfiguration;
			buildSettings = {
				ALWAYS_SEARCH_USER_PATHS = NO;
				CLANG_ANALYZER_NONNULL = YES;
				CLANG_ANALYZER_NUMBER_OBJECT_CONVERSION = YES_AGGRESSIVE;
				CLANG_CXX_LANGUAGE_STANDARD = "gnu++20";
				CLANG_ENABLE_MODULES = YES;
				CLANG_ENABLE_OBJC_ARC = YES;
				CLANG_ENABLE_OBJC_WEAK = YES;
				CLANG_WARN_BLOCK_CAPTURE_AUTORELEASING = YES;
				CLANG_WARN_BOOL_CONVERSION = YES;
				CLANG_WARN_COMMA = YES;
				CLANG_WARN_CONSTANT_CONVERSION = YES;
				CLANG_WARN_DEPRECATED_OBJC_IMPLEMENTATIONS = YES;
				CLANG_WARN_DIRECT_OBJC_ISA_USAGE = YES_ERROR;
				CLANG_WARN_DOCUMENTATION_COMMENTS = YES;
				CLANG_WARN_EMPTY_BODY = YES;
				CLANG_WARN_ENUM_CONVERSION = YES;
				CLANG_WARN_INFINITE_RECURSION = YES;
				CLANG_WARN_INT_CONVERSION = YES;
				CLANG_WARN_NON_LITERAL_NULL_CONVERSION = YES;
				CLANG_WARN_OBJC_IMPLICIT_RETAIN_SELF = YES;
				CLANG_WARN_OBJC_LITERAL_CONVERSION = YES;
				CLANG_WARN_OBJC_ROOT_CLASS = YES_ERROR;
				CLANG_WARN_QUOTED_INCLUDE_IN_FRAMEWORK_HEADER = YES;
				CLANG_WARN_RANGE_LOOP_ANALYSIS = YES;
				CLANG_WARN_STRICT_PROTOTYPES = YES;
				CLANG_WARN_SUSPICIOUS_MOVE = YES;
				CLANG_WARN_UNGUARDED_AVAILABILITY = YES_AGGRESSIVE;
				CLANG_WARN_UNREACHABLE_CODE = YES;
				CLANG_WARN__DUPLICATE_METHOD_MATCH = YES;
				COPY_PHASE_STRIP = NO;
				DEBUG_INFORMATION_FORMAT = "dwarf-with-dsym";
				ENABLE_NS_ASSERTIONS = NO;
				ENABLE_STRICT_OBJC_MSGSEND = YES;
				GCC_C_LANGUAGE_STANDARD = gnu11;
				GCC_NO_COMMON_BLOCKS = YES;
				GCC_WARN_64_TO_32_BIT_CONVERSION = YES;
				GCC_WARN_ABOUT_RETURN_TYPE = YES_ERROR;
				GCC_WARN_UNDECLARED_SELECTOR = YES;
				GCC_WARN_UNINITIALIZED_AUTOS = YES_AGGRESSIVE;
				GCC_WARN_UNUSED_FUNCTION = YES;
				GCC_WARN_UNUSED_VARIABLE = YES;
				IPHONEOS_DEPLOYMENT_TARGET = 16.2;
				MTL_ENABLE_DEBUG_INFO = NO;
				MTL_FAST_MATH = YES;
				SDKROOT = iphoneos;
				SWIFT_COMPILATION_MODE = wholemodule;
				SWIFT_OPTIMIZATION_LEVEL = "-O";
				VALIDATE_PRODUCT = YES;
			};
			name = Release;
		};
		22FB29D62AF21826000FBE72 /* Debug */ = {
			isa = XCBuildConfiguration;
			buildSettings = {
				ASSETCATALOG_COMPILER_APPICON_NAME = AppIcon;
				ASSETCATALOG_COMPILER_GLOBAL_ACCENT_COLOR_NAME = AccentColor;
				CODE_SIGN_STYLE = Automatic;
				CURRENT_PROJECT_VERSION = 1;
				DEVELOPMENT_ASSET_PATHS = "\"InsulinTracker/Preview Content\"";
				ENABLE_PREVIEWS = YES;
				GENERATE_INFOPLIST_FILE = YES;
				INFOPLIST_KEY_UIApplicationSceneManifest_Generation = YES;
				INFOPLIST_KEY_UIApplicationSupportsIndirectInputEvents = YES;
				INFOPLIST_KEY_UILaunchScreen_Generation = YES;
				INFOPLIST_KEY_UISupportedInterfaceOrientations_iPad = "UIInterfaceOrientationPortrait UIInterfaceOrientationPortraitUpsideDown UIInterfaceOrientationLandscapeLeft UIInterfaceOrientationLandscapeRight";
				INFOPLIST_KEY_UISupportedInterfaceOrientations_iPhone = "UIInterfaceOrientationPortrait UIInterfaceOrientationLandscapeLeft UIInterfaceOrientationLandscapeRight";
				LD_RUNPATH_SEARCH_PATHS = (
					"$(inherited)",
					"@executable_path/Frameworks",
				);
				MARKETING_VERSION = 1.0;
				PRODUCT_BUNDLE_IDENTIFIER = InsulinTracker.InsulinTracker;
				PRODUCT_NAME = "$(TARGET_NAME)";
				SWIFT_EMIT_LOC_STRINGS = YES;
				SWIFT_VERSION = 5.0;
				TARGETED_DEVICE_FAMILY = "1,2";
			};
			name = Debug;
		};
		22FB29D72AF21826000FBE72 /* Release */ = {
			isa = XCBuildConfiguration;
			buildSettings = {
				ASSETCATALOG_COMPILER_APPICON_NAME = AppIcon;
				ASSETCATALOG_COMPILER_GLOBAL_ACCENT_COLOR_NAME = AccentColor;
				CODE_SIGN_STYLE = Automatic;
				CURRENT_PROJECT_VERSION = 1;
				DEVELOPMENT_ASSET_PATHS = "\"InsulinTracker/Preview Content\"";
				ENABLE_PREVIEWS = YES;
				GENERATE_INFOPLIST_FILE = YES;
				INFOPLIST_KEY_UIApplicationSceneManifest_Generation = YES;
				INFOPLIST_KEY_UIApplicationSupportsIndirectInputEvents = YES;
				INFOPLIST_KEY_UILaunchScreen_Generation = YES;
				INFOPLIST_KEY_UISupportedInterfaceOrientations_iPad = "UIInterfaceOrientationPortrait UIInterfaceOrientationPortraitUpsideDown UIInterfaceOrientationLandscapeLeft UIInterfaceOrientationLandscapeRight";
				INFOPLIST_KEY_UISupportedInterfaceOrientations_iPhone = "UIInterfaceOrientationPortrait UIInterfaceOrientationLandscapeLeft UIInterfaceOrientationLandscapeRight";
				LD_RUNPATH_SEARCH_PATHS = (
					"$(inherited)",
					"@executable_path/Frameworks",
				);
				MARKETING_VERSION = 1.0;
				PRODUCT_BUNDLE_IDENTIFIER = InsulinTracker.InsulinTracker;
				PRODUCT_NAME = "$(TARGET_NAME)";
				SWIFT_EMIT_LOC_STRINGS = YES;
				SWIFT_VERSION = 5.0;
				TARGETED_DEVICE_FAMILY = "1,2";
			};
			name = Release;
		};
/* End XCBuildConfiguration section */

/* Begin XCConfigurationList section */
		22FB29C22AF21825000FBE72 /* Build configuration list for PBXProject "InsulinTracker" */ = {
			isa = XCConfigurationList;
			buildConfigurations = (
				22FB29D32AF21826000FBE72 /* Debug */,
				22FB29D42AF21826000FBE72 /* Release */,
			);
			defaultConfigurationIsVisible = 0;
			defaultConfigurationName = Release;
		};
		22FB29D52AF21826000FBE72 /* Build configuration list for PBXNativeTarget "InsulinTracker" */ = {
			isa = XCConfigurationList;
			buildConfigurations = (
				22FB29D62AF21826000FBE72 /* Debug */,
				22FB29D72AF21826000FBE72 /* Release */,
			);
			defaultConfigurationIsVisible = 0;
			defaultConfigurationName = Release;
		};
/* End XCConfigurationList section */

/* Begin XCRemoteSwiftPackageReference section */
		22FD8ED82B056D3200876408 /* XCRemoteSwiftPackageReference "firebase-ios-sdk" */ = {
			isa = XCRemoteSwiftPackageReference;
			repositoryURL = "https://github.com/firebase/firebase-ios-sdk";
			requirement = {
				kind = upToNextMajorVersion;
				minimumVersion = 10.18.0;
			};
		};
/* End XCRemoteSwiftPackageReference section */

/* Begin XCSwiftPackageProductDependency section */
		22FD8ED92B056D3200876408 /* FirebaseAnalytics */ = {
			isa = XCSwiftPackageProductDependency;
			package = 22FD8ED82B056D3200876408 /* XCRemoteSwiftPackageReference "firebase-ios-sdk" */;
			productName = FirebaseAnalytics;
		};
		22FD8EDB2B056D3200876408 /* FirebaseAnalyticsOnDeviceConversion */ = {
			isa = XCSwiftPackageProductDependency;
			package = 22FD8ED82B056D3200876408 /* XCRemoteSwiftPackageReference "firebase-ios-sdk" */;
			productName = FirebaseAnalyticsOnDeviceConversion;
		};
		22FD8EDD2B056D3200876408 /* FirebaseAnalyticsSwift */ = {
			isa = XCSwiftPackageProductDependency;
			package = 22FD8ED82B056D3200876408 /* XCRemoteSwiftPackageReference "firebase-ios-sdk" */;
			productName = FirebaseAnalyticsSwift;
		};
		22FD8EDF2B056D3200876408 /* FirebaseAnalyticsWithoutAdIdSupport */ = {
			isa = XCSwiftPackageProductDependency;
			package = 22FD8ED82B056D3200876408 /* XCRemoteSwiftPackageReference "firebase-ios-sdk" */;
			productName = FirebaseAnalyticsWithoutAdIdSupport;
		};
		22FD8EE12B056D3200876408 /* FirebaseAppCheck */ = {
			isa = XCSwiftPackageProductDependency;
			package = 22FD8ED82B056D3200876408 /* XCRemoteSwiftPackageReference "firebase-ios-sdk" */;
			productName = FirebaseAppCheck;
		};
		22FD8EE32B0570AD00876408 /* FirebaseAnalytics */ = {
			isa = XCSwiftPackageProductDependency;
			package = 22FD8ED82B056D3200876408 /* XCRemoteSwiftPackageReference "firebase-ios-sdk" */;
			productName = FirebaseAnalytics;
		};
		22FD8EE52B0570AD00876408 /* FirebaseAnalyticsOnDeviceConversion */ = {
			isa = XCSwiftPackageProductDependency;
			package = 22FD8ED82B056D3200876408 /* XCRemoteSwiftPackageReference "firebase-ios-sdk" */;
			productName = FirebaseAnalyticsOnDeviceConversion;
		};
		22FD8EE72B0570AD00876408 /* FirebaseAnalyticsSwift */ = {
			isa = XCSwiftPackageProductDependency;
			package = 22FD8ED82B056D3200876408 /* XCRemoteSwiftPackageReference "firebase-ios-sdk" */;
			productName = FirebaseAnalyticsSwift;
		};
		22FD8EE92B0570AD00876408 /* FirebaseAnalyticsWithoutAdIdSupport */ = {
			isa = XCSwiftPackageProductDependency;
			package = 22FD8ED82B056D3200876408 /* XCRemoteSwiftPackageReference "firebase-ios-sdk" */;
			productName = FirebaseAnalyticsWithoutAdIdSupport;
		};
		22FD8EEB2B0570AD00876408 /* FirebaseAppCheck */ = {
			isa = XCSwiftPackageProductDependency;
			package = 22FD8ED82B056D3200876408 /* XCRemoteSwiftPackageReference "firebase-ios-sdk" */;
			productName = FirebaseAppCheck;
		};
		22FD8EED2B0570AD00876408 /* FirebaseAppDistribution-Beta */ = {
			isa = XCSwiftPackageProductDependency;
			package = 22FD8ED82B056D3200876408 /* XCRemoteSwiftPackageReference "firebase-ios-sdk" */;
			productName = "FirebaseAppDistribution-Beta";
		};
		22FD8EEF2B0570AD00876408 /* FirebaseAuth */ = {
			isa = XCSwiftPackageProductDependency;
			package = 22FD8ED82B056D3200876408 /* XCRemoteSwiftPackageReference "firebase-ios-sdk" */;
			productName = FirebaseAuth;
		};
		22FD8EF12B0570AD00876408 /* FirebaseAuthCombine-Community */ = {
			isa = XCSwiftPackageProductDependency;
			package = 22FD8ED82B056D3200876408 /* XCRemoteSwiftPackageReference "firebase-ios-sdk" */;
			productName = "FirebaseAuthCombine-Community";
		};
		22FD8EF32B0570AD00876408 /* FirebaseCrashlytics */ = {
			isa = XCSwiftPackageProductDependency;
			package = 22FD8ED82B056D3200876408 /* XCRemoteSwiftPackageReference "firebase-ios-sdk" */;
			productName = FirebaseCrashlytics;
		};
		22FD8EF52B0570AD00876408 /* FirebaseDatabase */ = {
			isa = XCSwiftPackageProductDependency;
			package = 22FD8ED82B056D3200876408 /* XCRemoteSwiftPackageReference "firebase-ios-sdk" */;
			productName = FirebaseDatabase;
		};
		22FD8EF72B0570AD00876408 /* FirebaseDatabaseSwift */ = {
			isa = XCSwiftPackageProductDependency;
			package = 22FD8ED82B056D3200876408 /* XCRemoteSwiftPackageReference "firebase-ios-sdk" */;
			productName = FirebaseDatabaseSwift;
		};
		22FD8EF92B0570AD00876408 /* FirebaseDynamicLinks */ = {
			isa = XCSwiftPackageProductDependency;
			package = 22FD8ED82B056D3200876408 /* XCRemoteSwiftPackageReference "firebase-ios-sdk" */;
			productName = FirebaseDynamicLinks;
		};
		22FD8EFB2B0570AD00876408 /* FirebaseFirestore */ = {
			isa = XCSwiftPackageProductDependency;
			package = 22FD8ED82B056D3200876408 /* XCRemoteSwiftPackageReference "firebase-ios-sdk" */;
			productName = FirebaseFirestore;
		};
		22FD8EFD2B0570AD00876408 /* FirebaseFirestoreCombine-Community */ = {
			isa = XCSwiftPackageProductDependency;
			package = 22FD8ED82B056D3200876408 /* XCRemoteSwiftPackageReference "firebase-ios-sdk" */;
			productName = "FirebaseFirestoreCombine-Community";
		};
		22FD8EFF2B0570AD00876408 /* FirebaseFirestoreSwift */ = {
			isa = XCSwiftPackageProductDependency;
			package = 22FD8ED82B056D3200876408 /* XCRemoteSwiftPackageReference "firebase-ios-sdk" */;
			productName = FirebaseFirestoreSwift;
		};
		22FD8F012B0570AD00876408 /* FirebaseFunctions */ = {
			isa = XCSwiftPackageProductDependency;
			package = 22FD8ED82B056D3200876408 /* XCRemoteSwiftPackageReference "firebase-ios-sdk" */;
			productName = FirebaseFunctions;
		};
		22FD8F032B0570AD00876408 /* FirebaseFunctionsCombine-Community */ = {
			isa = XCSwiftPackageProductDependency;
			package = 22FD8ED82B056D3200876408 /* XCRemoteSwiftPackageReference "firebase-ios-sdk" */;
			productName = "FirebaseFunctionsCombine-Community";
		};
		22FD8F052B0570AD00876408 /* FirebaseInAppMessaging-Beta */ = {
			isa = XCSwiftPackageProductDependency;
			package = 22FD8ED82B056D3200876408 /* XCRemoteSwiftPackageReference "firebase-ios-sdk" */;
			productName = "FirebaseInAppMessaging-Beta";
		};
		22FD8F072B0570AD00876408 /* FirebaseInstallations */ = {
			isa = XCSwiftPackageProductDependency;
			package = 22FD8ED82B056D3200876408 /* XCRemoteSwiftPackageReference "firebase-ios-sdk" */;
			productName = FirebaseInstallations;
		};
		22FD8F092B0570AD00876408 /* FirebaseMLModelDownloader */ = {
			isa = XCSwiftPackageProductDependency;
			package = 22FD8ED82B056D3200876408 /* XCRemoteSwiftPackageReference "firebase-ios-sdk" */;
			productName = FirebaseMLModelDownloader;
		};
		22FD8F0B2B0570AD00876408 /* FirebaseMessaging */ = {
			isa = XCSwiftPackageProductDependency;
			package = 22FD8ED82B056D3200876408 /* XCRemoteSwiftPackageReference "firebase-ios-sdk" */;
			productName = FirebaseMessaging;
		};
		22FD8F0D2B0570AD00876408 /* FirebasePerformance */ = {
			isa = XCSwiftPackageProductDependency;
			package = 22FD8ED82B056D3200876408 /* XCRemoteSwiftPackageReference "firebase-ios-sdk" */;
			productName = FirebasePerformance;
		};
		22FD8F0F2B0570AD00876408 /* FirebaseRemoteConfig */ = {
			isa = XCSwiftPackageProductDependency;
			package = 22FD8ED82B056D3200876408 /* XCRemoteSwiftPackageReference "firebase-ios-sdk" */;
			productName = FirebaseRemoteConfig;
		};
		22FD8F112B0570AD00876408 /* FirebaseRemoteConfigSwift */ = {
			isa = XCSwiftPackageProductDependency;
			package = 22FD8ED82B056D3200876408 /* XCRemoteSwiftPackageReference "firebase-ios-sdk" */;
			productName = FirebaseRemoteConfigSwift;
		};
		22FD8F132B0570AD00876408 /* FirebaseStorage */ = {
			isa = XCSwiftPackageProductDependency;
			package = 22FD8ED82B056D3200876408 /* XCRemoteSwiftPackageReference "firebase-ios-sdk" */;
			productName = FirebaseStorage;
		};
		22FD8F152B0570AD00876408 /* FirebaseStorageCombine-Community */ = {
			isa = XCSwiftPackageProductDependency;
			package = 22FD8ED82B056D3200876408 /* XCRemoteSwiftPackageReference "firebase-ios-sdk" */;
			productName = "FirebaseStorageCombine-Community";
		};
/* End XCSwiftPackageProductDependency section */
	};
	rootObject = 22FB29BF2AF21825000FBE72 /* Project object */;
}
